DEPENDENCIES
  aide
    git: https://github.com/mburns/chef-aide.git
    revision: fa9aefd0471be733bbd7dfd330c7d2c805f4c8b9
    tag: v0.2.1
  apt
  ark (>= 2.2.0)
  automatic_updates
    git: https://github.com/rackspace-cookbooks/automatic_updates.git
    revision: 752542f90c8c7df43856ff05e79d0de916ed99a8
  build-essential
  chef-client (~> 9.0)
  chef-sugar (~> 4.0)
  chef_client_updater (~> 3.2)
  clamav
    git: https://github.com/mburns/clamav-chef.git
    revision: 0d6a847c4cb67a3b2a54db24799e34aeb9733675
    branch: patch-1
  collectd (~> 2.2.4)
  composer (~> 2.6.1)
  couchpotato
    git: https://github.com/multimedia-chef/couchpotato.git
    revision: bdbd6be0c32a947b19a731c6930488dea726fc5f
  djbdns (~> 5.0)
  docker (~> 4.0)
  dovecot (~> 3.2)
  dspam
    git: https://github.com/mburns/chef-dspam.git
    revision: eaec659e4387942c129134281af1c2dd59e3e3c0
  encrypted_attributes (~> 0.6.0)
  fail2ban (~> 5.0)
  firewall (~> 2.6)
  hostname (~> 0.4)
  hostsfile (~> 3.0)
  java
  kibana_lwrp
    git: https://github.com/lusis/chef-kibana.git
    revision: ff552bf85d99884d89b9db669b2901d31c7ac8ad
  logrotate (~> 2.2)
  logstash (~> 1.0)
  mosh (~> 0.4.0)
  nginx (~> 7.0)
  ntp (~> 3.5)
  ohai (~> 4)
  onddo-spamassassin (~> 2.0)
  opendkim (~> 2.0)
  openldap (~> 3.1)
  openssh (~> 2.6)
  openssl (~> 8.1)
  os-hardening (~> 1.2)
  packages (~> 1.1)
  paramount
    path: .
    metadata: true
  partial_search
  php-fpm
  plexapp (~> 1.0.0)
  poise-service (~> 1.5)
  postfix (~> 5.2)
  postfixadmin
    git: https://github.com/mburns/postfixadmin-cookbook.git
    revision: 1c4d6cb59a23de77ea1c8dcc7c7d4e078a3aa762
  postgresql (~> 6.1.1)
  prosody
    git: https://github.com/mburns/chef-prosody.git
    revision: 60588cdb5277552b90e7324ba5c93ee7c122a425
    branch: patch-1
  rackspace_monitoring
  rkhunter (~> 0.2)
  rspamd
  rsyslog (~> 6.0)
  runit
  sabnzbd
    git: https://github.com/multimedia-chef/sabnzbd.git
    revision: 00efaa669f73318e9706095f431d0110529bc608
  selinux
  sickbeard
    git: https://github.com/multimedia-chef/sickbeard.git
    revision: f383f834fa69bd27ba1c559c7f6e02c8c2e5f8b9
  solr_app (~> 0.0)
  ssl_certificate (~> 2.1)
  sudo (~> 4.0)
  sysctl (~> 0.10)
  test
    path: test/fixtures/cookbooks/test
  ubuntu (~> 2.0)
  ucspi-tcp
  users (~> 5.3)
  xml
  yum
  yum-epel
  znc (~> 0.0.1)

GRAPH
  aide (0.2.1)
    cron (>= 0.0.0)
  ant (1.0.4)
    ark (>= 0.0.0)
  apache2 (5.0.1)
  application (3.0.0)
  application_java (3.0.0)
    application (~> 3.0)
    java (>= 0.0.0)
    tomcat (>= 0.0.0)
  apt (6.1.4)
  ark (3.1.0)
    build-essential (>= 0.0.0)
    seven_zip (>= 0.0.0)
    windows (>= 0.0.0)
  automatic_updates (0.2.1)
    apt (>= 0.0.0)
    chef-sugar (>= 0.0.0)
    yum (>= 0.0.0)
  beaver (1.7.0)
    apt (>= 0.0.0)
    poise-python (>= 0.0.0)
  bluepill (4.0.2)
    rsyslog (>= 2.0)
  build-essential (8.1.1)
    mingw (>= 1.1)
    seven_zip (>= 0.0.0)
  chef-client (9.0.5)
    cron (>= 4.2.0)
    logrotate (>= 1.9.0)
    windows (>= 2.0.0)
  chef-sugar (4.0.0)
  chef_client_updater (3.2.6)
  chef_nginx (6.2.0)
    build-essential (>= 0.0.0)
    compat_resource (>= 12.16.3)
    ohai (>= 4.1.0)
    yum-epel (>= 0.0.0)
    zypper (>= 0.0.0)
  clamav (1.3.1)
  collectd (2.2.4)
    poise (~> 2.2)
    poise-service (~> 1.0)
  compat_resource (12.19.1)
  composer (2.6.1)
    apt (>= 0.0.0)
    php (>= 0.0.0)
    windows (>= 0.0.0)
  couchpotato (0.1.0)
  cron (5.0.1)
  curl (2.0.4)
  database (6.1.1)
    postgresql (>= 1.0.0)
  djbdns (5.0.1)
    build-essential (>= 0.0.0)
    runit (>= 1.6.0)
    ucspi-tcp (>= 0.0.0)
  docker (4.1.1)
  dovecot (3.2.1)
    ohai (~> 4.0)
  dpkg_autostart (0.2.0)
  dspam (0.2.0)
  elasticsearch (3.4.4)
    apt (>= 0.0.0)
    ark (>= 0.0.0)
    chef-sugar (>= 0.0.0)
    yum (>= 0.0.0)
  encrypted_attributes (0.6.0)
    build-essential (>= 0.0.0)
  fail2ban (5.0.1)
    yum-epel (>= 0.0.0)
  firewall (2.6.3)
    chef-sugar (>= 0.0.0)
  git (9.0.0)
    build-essential (>= 5.0.0)
  homebrew (5.0.4)
  hostname (0.4.2)
    hostsfile (>= 0.0.0)
  hostsfile (3.0.1)
  inifile_chef_gem (0.1.0)
    build-essential (>= 0.0.0)
  iptables (4.3.4)
  java (1.50.0)
    apt (>= 0.0.0)
    homebrew (>= 0.0.0)
    windows (>= 0.0.0)
  kibana_lwrp (3.0.2)
    apache2 (>= 0.0.0)
    ark (>= 0.0.0)
    chef_nginx (>= 0.0.0)
    compat_resource (>= 0.0.0)
    git (>= 0.0.0)
    java (>= 0.0.0)
    libarchive (>= 0.0.0)
    ohai (>= 0.0.0)
    runit (>= 0.0.0)
  libarchive (1.0.0)
  locales (0.3.1)
  logrotate (2.2.0)
  logstash (1.0.0)
    ant (>= 0.0.0)
    ark (>= 0.0.0)
    beaver (>= 0.0.0)
    build-essential (>= 0.0.0)
    curl (>= 0.0.0)
    git (>= 0.0.0)
    logrotate (>= 0.0.0)
    poise-python (>= 0.0.0)
    runit (>= 0.0.0)
  mariadb (1.5.3)
    apt (>= 0.0.0)
    build-essential (>= 0.0.0)
    selinux_policy (~> 2.0)
    yum (>= 0.0.0)
    yum-epel (>= 0.0.0)
    yum-scl (>= 0.0.0)
  mercurial (2.0.4)
    build-essential (>= 0.0.0)
    python (>= 0.0.0)
    windows (>= 0.0.0)
  mingw (2.0.2)
    seven_zip (>= 0.0.0)
  mosh (0.4.0)
    apt (>= 0.0.0)
    yum (>= 0.0.0)
    yum-epel (>= 0.0.0)
  mysql (8.5.1)
  mysql2_chef_gem (2.1.0)
    build-essential (>= 2.4.0)
    mariadb (>= 0.0.0)
    mysql (>= 8.2.0)
  nginx (7.0.2)
    build-essential (>= 0.0.0)
    compat_resource (>= 12.16.3)
    ohai (>= 4.1.0)
    yum-epel (>= 0.0.0)
    zypper (>= 0.0.0)
  ntp (3.5.6)
  ohai (4.2.3)
    compat_resource (>= 12.14.7)
  onddo-spamassassin (2.0.0)
  opendkim (2.0.0)
    yum-epel (~> 0.5)
  openldap (3.1.2)
    dpkg_autostart (>= 0.0.0)
  openssh (2.6.2)
    iptables (>= 1.0)
  openssl (8.1.2)
  os-hardening (1.4.1)
    apt (>= 0.0.0)
    sysctl (>= 0.3.0)
    yum (>= 0.0.0)
  packagecloud (1.0.0)
  packages (1.1.0)
  pacman (1.1.1)
  paramount (0.1.9)
    aide (>= 0.0.0)
    apt (>= 0.0.0)
    ark (>= 0.0.0)
    automatic_updates (>= 0.0.0)
    build-essential (>= 0.0.0)
    chef-client (>= 0.0.0)
    chef-sugar (>= 0.0.0)
    chef_client_updater (>= 0.0.0)
    clamav (>= 0.0.0)
    collectd (>= 0.0.0)
    composer (>= 0.0.0)
    couchpotato (>= 0.0.0)
    djbdns (>= 0.0.0)
    dovecot (>= 0.0.0)
    dspam (>= 0.0.0)
    elasticsearch (>= 0.0.0)
    encrypted_attributes (>= 0.0.0)
    fail2ban (>= 0.0.0)
    firewall (>= 0.0.0)
    hostsfile (>= 0.0.0)
    java (>= 0.0.0)
    kibana_lwrp (>= 0.0.0)
    locales (>= 0.0.0)
    mosh (>= 0.0.0)
    nginx (>= 0.0.0)
    ntp (>= 0.0.0)
    ohai (>= 0.0.0)
    onddo-spamassassin (>= 0.0.0)
    opendkim (>= 0.0.0)
    openldap (>= 0.0.0)
    openssh (>= 0.0.0)
    openssl (>= 0.0.0)
    packages (>= 0.0.0)
    php-fpm (>= 0.0.0)
    plexapp (>= 0.0.0)
    poise-service (>= 0.0.0)
    postfix (>= 0.0.0)
    postfixadmin (>= 0.0.0)
    postgresql (>= 0.0.0)
    prosody (>= 0.0.0)
    rkhunter (>= 0.0.0)
    rspamd (>= 0.0.0)
    rsyslog (>= 0.0.0)
    runit (>= 0.0.0)
    sabnzbd (>= 0.0.0)
    selinux (>= 0.0.0)
    sickbeard (>= 0.0.0)
    ssl_certificate (>= 0.0.0)
    sudo (>= 0.0.0)
    ubuntu (>= 0.0.0)
    users (>= 0.0.0)
    yum (>= 0.0.0)
    yum-epel (>= 0.0.0)
  partial_search (1.0.9)
  php (5.0.0)
    build-essential (>= 0.0.0)
    yum-epel (>= 0.0.0)
  php-fpm (0.8.0)
  plexapp (1.0.0)
  poise (2.8.1)
  poise-archive (1.5.0)
    poise (~> 2.6)
  poise-languages (2.1.1)
    poise (~> 2.5)
    poise-archive (~> 1.0)
  poise-python (1.6.0)
    poise (~> 2.7)
    poise-languages (~> 2.0)
  poise-service (1.5.2)
    poise (~> 2.0)
  postfix (5.2.1)
  postfixadmin (3.1.0)
    apache2 (>= 3.0.0)
    ark (>= 2.2.0)
    compat_resource (>= 12.5.0)
    database (>= 6.0.0)
    encrypted_attributes (>= 0.2.0)
    mysql (>= 8.0.0)
    mysql2_chef_gem (>= 1.0.0)
    nginx (>= 7.0.0)
    openssl (>= 6.0.0)
    php (>= 2.0.0)
    php-fpm (>= 0.7.0)
    postgresql (>= 6.0.0)
    ssl_certificate (>= 2.0.0)
    yum-epel (>= 0.5.0)
  postgresql (6.1.1)
    build-essential (>= 2.0.0)
    compat_resource (>= 12.16.3)
    openssl (>= 4.0)
  prosody (0.5.2)
    apt (>= 0.0.0)
    ark (>= 0.0.0)
    build-essential (>= 0.0.0)
    mercurial (>= 0.0.0)
    yum (>= 0.0.0)
  python (1.4.6)
    build-essential (>= 0.0.0)
    yum-epel (>= 0.0.0)
  rackspace_monitoring (1.1.2)
    apt (>= 0.0.0)
    yum (>= 0.0.0)
  rkhunter (0.2.5)
    apt (>= 0.0.0)
    postfix (>= 0.0.0)
    yum (>= 0.0.0)
  rspamd (0.0.1)
  rsyslog (6.0.4)
  runit (4.0.4)
    packagecloud (>= 0.0.0)
    yum-epel (>= 0.0.0)
  sabnzbd (1.1.1)
    bluepill (>= 0.0.0)
    git (>= 0.0.0)
  selinux (2.1.0)
  selinux_policy (2.0.1)
    compat_resource (>= 12.16.3)
  seven_zip (2.0.2)
    windows (>= 1.2.2)
  sickbeard (1.0.0)
    bluepill (>= 0.0.0)
    git (>= 0.0.0)
  solr_app (0.0.3)
    application (>= 0.0.0)
    application_java (>= 1.1.0)
    ark (>= 0.0.0)
    tomcat (>= 0.0.0)
  ssl_certificate (2.1.0)
  sudo (4.0.1)
  sysctl (0.10.2)
    ohai (>= 4.0)
  test (0.1.0)
    paramount (>= 0.0.0)
  tomcat (3.0.0)
  ubuntu (2.0.1)
    apt (>= 0.0.0)
  ucspi-tcp (1.3.0)
    build-essential (>= 0.0.0)
    pacman (>= 0.0.0)
  users (5.3.1)
  windows (4.0.1)
  xml (3.1.2)
    build-essential (>= 0.0.0)
  yum (5.1.0)
  yum-epel (0.7.1)
    yum (>= 3.6.3)
  yum-scl (0.2.0)
    inifile_chef_gem (>= 0.0.0)
    yum (>= 0.0.0)
  znc (0.0.1)
    build-essential (>= 0.0.0)
  zypper (0.4.0)
