DEPENDENCIES
  aide (~> 0.1.4)
  apt (~> 2.7.0)
  ark (~> 0.9.0)
  automatic_updates
  build-essential
  chef-sugar (~> 3.1.0)
  chef-vault (~> 2.0.0)
  chef_nginx
  clamav (~> 1.2.0)
  collectd-lib
  database (~> 4.0)
  djbdns (~> 3.0.0)
  elkstack (~> 6.0.4)
  encrypted_attributes (~> 0.6.0)
  fail2ban (~> 2.2.1)
  firewall (~> 2.0.1)
  hostsfile (~> 2.4.5)
  java
  kibana_lwrp (~> 2.0.5)
  ldap (~> 1.0)
  logrotate (~> 1.9.1)
  logstash (~> 0.11.4)
  mosh (~> 0.4.0)
  ntp (~> 1.8.6)
  ohai (~> 4.1)
  omnibus_updater (~> 2.0.0)
  onddo-spamassassin (~> 1.0.0)
  opendkim (~> 1.0.0)
  openldap (~> 2.1)
  openssh (~> 1.4.0)
  openssl (~> 4.1.1)
  os-hardening (~> 1.2.0)
  packages (~> 0.4.0)
  paramount
    path: .
    metadata: true
  partial_search
  php-fpm
  plexapp (~> 1.0.0)
  poise-service (~> 1.4.2)
  postfix-full (~> 0.1.2)
  prosody (~> 0.5.2)
  rackspace_monitoring
  rkhunter (~> 0.2.5)
  rsyslog (~> 2.0.0)
  runit
  selinux
  solr_app (~> 0.0.3)
  ssl_certificate (~> 1.5.0)
  sudo (~> 2.7.1)
  sysctl (~> 0.8.0)
  test
    path: test/fixtures/cookbooks/test
  ubuntu (~> 1.1.8)
  ucspi-tcp
  users (~> 2.0.2)
  xml
  yum
  yum-epel
  znc (~> 0.0.1)

GRAPH
  7-zip (1.0.2)
    windows (>= 1.2.2)
  aide (0.1.4)
    cron (>= 0.0.0)
  ant (1.0.3)
    ark (>= 0.0.0)
  apache2 (3.2.2)
  application (3.0.0)
  application_java (3.0.0)
    application (~> 3.0)
    java (>= 0.0.0)
    tomcat (>= 0.0.0)
  apt (2.7.0)
  ark (0.9.0)
    7-zip (>= 0.0.0)
    windows (>= 0.0.0)
  automatic_updates (0.2.0)
    apt (>= 0.0.0)
    chef-sugar (>= 0.0.0)
    yum (>= 0.0.0)
  beaver (1.6.0)
    apt (>= 0.0.0)
    poise-python (>= 0.0.0)
  build-essential (7.0.1)
    compat_resource (>= 12.14)
    mingw (>= 1.1)
    seven_zip (>= 0.0.0)
  chef-sugar (3.1.1)
  chef-vault (2.0.0)
  chef_nginx (3.1.1)
    build-essential (>= 0.0.0)
    compat_resource (>= 12.14.6)
    ohai (>= 4.1.0)
    runit (>= 1.6.0)
    yum-epel (>= 0.0.0)
    zypper (>= 0.0.0)
  clamav (1.2.0)
    apt (~> 2.1)
    cron (~> 1.2)
    logrotate (~> 1.0)
    yum (~> 3.0)
    yum-epel (~> 0.2)
  collectd-lib (3.1.0)
  compat_resource (12.14.7)
  cron (1.7.6)
  curl (2.0.3)
  database (4.0.9)
    postgresql (>= 1.0.0)
  djbdns (3.0.0)
    build-essential (>= 0.0.0)
    runit (>= 1.6.0)
    ucspi-tcp (>= 0.0.0)
  dmg (3.0.0)
  elasticsearch (0.3.14)
    ark (>= 0.2.4)
  elkstack (6.0.4)
    apt (>= 0.0.0)
    build-essential (>= 0.0.0)
    chef-sugar (>= 0.0.0)
    cron (>= 0.0.0)
    elasticsearch (~> 0.3.14)
    firewall (>= 2.0.1)
    htpasswd (>= 0.0.0)
    kibana_lwrp (>= 0.0.0)
    line (>= 0.0.0)
    logstash (>= 0.0.0)
    newrelic_meetme_plugin (>= 0.0.0)
    nginx (>= 0.0.0)
    openssl (>= 0.0.0)
    python (>= 0.0.0)
    rackspace_monitoring (>= 0.0.0)
    rsyslog (>= 0.0.0)
    runit (>= 0.0.0)
    yum (>= 0.0.0)
  encrypted_attributes (0.6.0)
    build-essential (>= 0.0.0)
  fail2ban (2.2.1)
    yum (~> 3.0)
    yum-epel (>= 0.0.0)
  firewall (2.0.5)
    chef-sugar (>= 0.0.0)
  freebsd (1.0.0)
  git (5.0.1)
    build-essential (>= 0.0.0)
    dmg (>= 0.0.0)
    yum-epel (>= 0.0.0)
  homebrew (2.1.2)
    build-essential (>= 2.1.2)
  hostsfile (2.4.5)
  htpasswd (0.2.4)
    python (>= 0.0.0)
  iptables (3.0.1)
    compat_resource (>= 12.14.3)
  java (1.42.0)
    apt (>= 0.0.0)
    homebrew (>= 0.0.0)
    windows (>= 0.0.0)
  kibana_lwrp (2.0.6)
    apache2 (>= 0.0.0)
    ark (>= 0.0.0)
    git (>= 0.0.0)
    java (>= 0.0.0)
    libarchive (>= 0.0.0)
    nginx (>= 0.0.0)
    poise (>= 0.0.0)
    runit (>= 0.0.0)
  ldap (1.1.0)
  libarchive (0.6.2)
    apt (>= 2.5)
    yum-epel (~> 0.6)
  line (0.6.3)
  locales (0.3.1)
  logrotate (1.9.2)
  logstash (0.11.4)
    ant (>= 0.0.0)
    apt (>= 0.0.0)
    ark (>= 0.0.0)
    beaver (>= 0.0.0)
    build-essential (>= 0.0.0)
    curl (>= 0.0.0)
    elasticsearch (>= 0.0.0)
    git (>= 0.0.0)
    java (>= 0.0.0)
    logrotate (>= 0.0.0)
    python (>= 0.0.0)
    runit (>= 0.0.0)
  mercurial (2.0.4)
    build-essential (>= 0.0.0)
    python (>= 0.0.0)
    windows (>= 0.0.0)
  mingw (1.2.4)
    compat_resource (>= 0.0.0)
    seven_zip (>= 0.0.0)
  mosh (0.4.0)
    apt (>= 0.0.0)
    yum (>= 0.0.0)
    yum-epel (>= 0.0.0)
  newrelic_meetme_plugin (0.5.0)
    apt (>= 0.0.0)
    python (>= 0.0.0)
    yum (>= 0.0.0)
  nginx (1.8.0)
    apt (>= 0.0.0)
    build-essential (>= 0.0.0)
    ohai (>= 1.1.4)
    runit (>= 0.0.0)
    yum (>= 0.0.0)
  nscd (4.1.0)
    compat_resource (>= 0.0.0)
  ntp (1.8.6)
  ohai (4.2.2)
    compat_resource (>= 12.14)
  omnibus_updater (2.0.0)
  onddo-spamassassin (1.0.0)
  opendkim (1.0.0)
    yum-epel (~> 0.5)
  openldap (2.2.0)
    freebsd (>= 0.0.0)
    nscd (>= 0.0.0)
    openssh (>= 0.0.0)
    openssl (>= 0.0.0)
  openssh (1.4.0)
    iptables (>= 0.0.0)
  openssl (4.1.2)
    chef-sugar (>= 0.0.0)
  os-hardening (1.2.0)
    apt (>= 0.0.0)
    sysctl (>= 0.3.0)
    yum (>= 0.0.0)
  packagecloud (0.2.5)
  packages (0.4.0)
  pacman (1.1.1)
  paramount (0.1.4)
    aide (>= 0.0.0)
    apt (>= 0.0.0)
    ark (>= 0.0.0)
    automatic_updates (>= 0.0.0)
    build-essential (>= 0.0.0)
    chef-sugar (>= 0.0.0)
    chef_nginx (>= 0.0.0)
    clamav (>= 0.0.0)
    database (>= 0.0.0)
    djbdns (>= 0.0.0)
    elasticsearch (>= 0.0.0)
    elkstack (>= 0.0.0)
    encrypted_attributes (>= 0.0.0)
    fail2ban (>= 0.0.0)
    firewall (>= 0.0.0)
    hostsfile (>= 0.0.0)
    java (>= 0.0.0)
    kibana_lwrp (>= 0.0.0)
    locales (>= 0.0.0)
    mosh (>= 0.0.0)
    ntp (>= 0.0.0)
    ohai (>= 0.0.0)
    omnibus_updater (>= 0.0.0)
    onddo-spamassassin (>= 0.0.0)
    opendkim (>= 0.0.0)
    openssh (>= 0.0.0)
    openssl (>= 0.0.0)
    packages (>= 0.0.0)
    php-fpm (>= 0.0.0)
    plexapp (>= 0.0.0)
    poise-service (>= 0.0.0)
    postfix-full (>= 0.0.0)
    prosody (>= 0.0.0)
    rkhunter (>= 0.0.0)
    rsyslog (>= 0.0.0)
    runit (>= 0.0.0)
    selinux (>= 0.0.0)
    ssl_certificate (>= 0.0.0)
    sudo (>= 0.0.0)
    ubuntu (>= 0.0.0)
    users (>= 0.0.0)
    yum (>= 0.0.0)
    yum-epel (>= 0.0.0)
  partial_search (1.0.9)
  php-fpm (0.7.6)
    apt (>= 0.0.0)
    yum (>= 3.0)
  plexapp (1.0.0)
  poise (2.7.1)
  poise-archive (1.3.0)
    poise (~> 2.6)
  poise-languages (2.0.3)
    poise (~> 2.5)
    poise-archive (~> 1.0)
  poise-python (1.5.1)
    poise (~> 2.7)
    poise-languages (~> 2.0)
  poise-service (1.4.2)
    poise (~> 2.0)
  postfix (4.0.0)
  postfix-full (0.1.2)
  postgresql (4.0.6)
    apt (>= 1.9.0)
    build-essential (>= 0.0.0)
    openssl (~> 4.0)
  prosody (0.5.2)
    apt (>= 0.0.0)
    ark (>= 0.0.0)
    build-essential (>= 0.0.0)
    mercurial (>= 0.0.0)
    yum (>= 0.0.0)
  python (1.4.6)
    build-essential (>= 0.0.0)
    yum-epel (>= 0.0.0)
  rackspace_monitoring (1.1.2)
    apt (>= 0.0.0)
    yum (>= 0.0.0)
  rkhunter (0.2.5)
    apt (>= 0.0.0)
    postfix (>= 0.0.0)
    yum (>= 0.0.0)
  rsyslog (2.0.0)
  runit (3.0.0)
    packagecloud (>= 0.0.0)
    yum-epel (>= 0.0.0)
  selinux (0.9.0)
  seven_zip (2.0.2)
    windows (>= 1.2.2)
  solr_app (0.0.3)
    application (>= 0.0.0)
    application_java (>= 1.1.0)
    ark (>= 0.0.0)
    tomcat (>= 0.0.0)
  ssl_certificate (1.5.0)
  sudo (2.7.2)
  sysctl (0.8.0)
    ohai (~> 4.0)
  test (0.1.0)
    paramount (>= 0.0.0)
  tomcat (2.3.2)
    compat_resource (>= 12.10)
  ubuntu (1.1.8)
    apt (>= 0.0.0)
  ucspi-tcp (1.3.0)
    build-essential (>= 0.0.0)
    pacman (>= 0.0.0)
  users (2.0.3)
  windows (2.0.2)
  xml (3.0.0)
    build-essential (>= 0.0.0)
  yum (3.13.0)
  yum-epel (0.7.1)
    yum (>= 3.6.3)
  znc (0.0.1)
    build-essential (>= 0.0.0)
  zypper (0.3.0)
