DEPENDENCIES
  aide
    git: git@github.com:mburns/chef-aide.git
    revision: cdca9ee71c856903a244110c88c111a8bb161139
  apt (~> 2.7.0)
  ark (~> 0.9.0)
  automatic_updates
  build-essential
  chef-sugar (~> 3.1.0)
  chef-vault
    git: git@github.com:chef-cookbooks/chef-vault.git
    revision: 63ae275f5c8f889df84dd5d3d2a3c5b8d01d5a21
    tag: v1.3.2
  clamav (~> 1.2.0)
  couchpotato
    git: git@github.com:multimedia-chef/couchpotato.git
    revision: bdbd6be0c32a947b19a731c6930488dea726fc5f
  database (~> 4.0)
  djbdns (~> 1.1.0)
  dovecot (~> 2.1.0)
  dspam
    git: git@github.com:mburns/chef-dspam.git
    revision: eaec659e4387942c129134281af1c2dd59e3e3c0
  encfs
    git: git@github.com:mburns/encfs.git
    revision: 1e1948adbaa68ed0b6b89827b17a13a3580fe300
  fail2ban (~> 2.2.1)
  firewall (~> 1.1.2)
  hostsfile (~> 2.4.5)
  java
  ldap (~> 1.0)
  logrotate (~> 1.9.1)
  mosh (~> 0.4.0)
  nginx
  ntp (~> 1.8.6)
  ohai (~> 2.0.1)
  onddo-spamassassin (~> 1.0.0)
  opendkim (~> 1.0.0)
  openldap (~> 2.1)
  openssh (~> 1.4.0)
  openssl (~> 4.1.1)
  openvpn
    git: git@github.com:xhost-cookbooks/openvpn.git
    revision: 18dadb02212822dae14f9319be0cd77a799507df
  os-hardening (~> 1.2.0)
  owncloud
    git: git@github.com:onddo/owncloud-cookbook.git
    revision: 9ce4891e706847ed098fbb578d1c605a188d380e
  packages (~> 0.4.0)
  paramount
    path: .
  partial_search
  php-fpm
  plexapp (~> 1.0.0)
  postfix-full (~> 0.1.2)
  postfixadmin
    git: git@github.com:onddo/postfixadmin-cookbook.git
    revision: d5a32654044fe10b22395811756b9478e750649b
  prosody
    git: git@github.com:mburns/chef-prosody.git
    revision: 18cc51deb770d816220473f9ede5231ea0d18250
  rkhunter
    git: git@github.com:gregpalmier/rkhunter-cookbook.git
    revision: 99924f6b11f4d040cd4050a6f36ef0cb84c5bedc
  roundcube
    git: git@github.com:mburns/roundcube.git
    revision: bdffb5e1695721a0fe05485713a53dd2464bc21b
    branch: support-pgsql
  rsyslog (~> 2.0.0)
  runit
  sabnzbd
    git: git@github.com:multimedia-chef/sabnzbd.git
    revision: 00efaa669f73318e9706095f431d0110529bc608
  selinux (~> 0.9.0)
  sickbeard
    git: git@github.com:multimedia-chef/sickbeard.git
    revision: f383f834fa69bd27ba1c559c7f6e02c8c2e5f8b9
  solr_app (~> 0.0.3)
  ssl_certificate (~> 1.5.0)
  sudo (~> 2.7.1)
  sysctl (~> 0.6.2)
  test
    path: test/fixtures/cookbooks/test
  ubuntu (~> 1.1.8)
  ucspi-tcp
  users (~> 2.0.2)
  xml
  yum
  yum-epel

GRAPH
  7-zip (1.0.2)
    windows (>= 1.2.2)
  aide (0.1.3)
    cron (>= 0.0.0)
  apache2 (3.2.2)
  application (3.0.0)
  application_java (3.0.0)
    application (~> 3.0)
    java (>= 0.0.0)
    tomcat (>= 0.0.0)
  apt (2.7.0)
  ark (0.9.0)
    7-zip (>= 0.0.0)
    windows (>= 0.0.0)
  automatic_updates (0.2.0)
    apt (>= 0.0.0)
    chef-sugar (>= 0.0.0)
    yum (>= 0.0.0)
  bluepill (2.4.3)
    rsyslog (>= 2.0)
  build-essential (2.4.0)
    7-zip (>= 0.0.0)
  chef-sugar (3.1.1)
  chef-vault (1.3.2)
  chef_handler (1.4.0)
  clamav (1.2.0)
    apt (~> 2.1)
    cron (~> 1.2)
    logrotate (~> 1.0)
    yum (~> 3.0)
    yum-epel (~> 0.2)
  compat_resource (12.10.7)
  couchpotato (0.1.0)
  cron (1.7.6)
  daemontools (1.5.0)
    build-essential (>= 0.0.0)
    pacman (>= 0.0.0)
  database (4.0.9)
    postgresql (>= 1.0.0)
  djbdns (1.1.0)
    bluepill (>= 0.0.0)
    build-essential (>= 0.0.0)
    daemontools (>= 0.0.0)
    runit (~> 1.5.0)
    ucspi-tcp (>= 0.0.0)
  dmg (2.4.0)
  dovecot (2.1.0)
    ohai (>= 0.0.0)
  dspam (0.2.0)
  encfs (0.2.0)
  encrypted_attributes (0.6.0)
    build-essential (>= 0.0.0)
  fail2ban (2.2.1)
    yum (~> 3.0)
    yum-epel (>= 0.0.0)
  firewall (1.1.2)
    poise (~> 1.0)
  freebsd (0.6.0)
  git (4.6.0)
    build-essential (>= 0.0.0)
    dmg (>= 0.0.0)
    windows (>= 0.0.0)
    yum-epel (>= 0.0.0)
  homebrew (2.1.0)
    build-essential (>= 2.1.2)
  hostsfile (2.4.5)
  iis (4.2.0)
    windows (>= 1.34.6)
  iptables (2.2.0)
  java (1.42.0)
    apt (>= 0.0.0)
    homebrew (>= 0.0.0)
    windows (>= 0.0.0)
  ldap (1.1.0)
  locales (0.3.1)
  logrotate (1.9.2)
  mariadb (0.3.1)
    apt (>= 0.0.0)
    yum (>= 0.0.0)
    yum-epel (>= 0.0.0)
  mercurial (2.0.4)
    build-essential (>= 0.0.0)
    python (>= 0.0.0)
    windows (>= 0.0.0)
  mosh (0.4.0)
    apt (>= 0.0.0)
    yum (>= 0.0.0)
    yum-epel (>= 0.0.0)
  mysql (6.1.3)
    smf (>= 0.0.0)
    yum-mysql-community (>= 0.0.0)
  mysql2_chef_gem (1.0.2)
    build-essential (>= 0.0.0)
    mariadb (>= 0.0.0)
    mysql (~> 6.0)
  nginx (2.7.6)
    apt (~> 2.2)
    bluepill (~> 2.3)
    build-essential (~> 2.0)
    ohai (~> 2.0)
    runit (~> 1.2)
    yum-epel (~> 0.3)
  nscd (4.1.0)
    compat_resource (>= 0.0.0)
  ntp (1.8.6)
  ohai (2.0.4)
  onddo-spamassassin (1.0.0)
  opendkim (1.0.0)
    yum-epel (~> 0.5)
  openldap (2.2.0)
    freebsd (>= 0.0.0)
    nscd (>= 0.0.0)
    openssh (>= 0.0.0)
    openssl (>= 0.0.0)
  openssh (1.4.0)
    iptables (>= 0.0.0)
  openssl (4.1.2)
    chef-sugar (>= 0.0.0)
  openvpn (3.0.0)
    apt (>= 0.0.0)
    sysctl (>= 0.0.0)
    yum (~> 3.0)
    yum-epel (>= 0.0.0)
  os-hardening (1.2.0)
    apt (>= 0.0.0)
    sysctl (>= 0.3.0)
    yum (>= 0.0.0)
  owncloud (1.1.0)
    apache2 (~> 3.0)
    apt (~> 2.0)
    cron (~> 1.6)
    database (~> 4.0)
    encrypted_attributes (~> 0.2)
    mysql (~> 6.0)
    mysql2_chef_gem (~> 1.0.1)
    nginx (~> 2.7)
    openssl (~> 4.0)
    php (~> 1.4)
    php-fpm (~> 0.7)
    postfix (~> 3.0)
    postgresql (~> 3.4.18)
    ssl_certificate (~> 1.1)
  packages (0.4.0)
  pacman (1.1.1)
  paramount (0.1.1)
    aide (>= 0.0.0)
    apt (>= 0.0.0)
    ark (>= 0.0.0)
    automatic_updates (>= 0.0.0)
    build-essential (>= 0.0.0)
    chef-sugar (>= 0.0.0)
    chef-vault (>= 0.0.0)
    clamav (>= 0.0.0)
    couchpotato (>= 0.0.0)
    database (>= 0.0.0)
    djbdns (>= 0.0.0)
    dovecot (>= 0.0.0)
    dspam (>= 0.0.0)
    encfs (>= 0.0.0)
    fail2ban (>= 0.0.0)
    firewall (>= 0.0.0)
    hostsfile (>= 0.0.0)
    java (>= 0.0.0)
    ldap (>= 0.0.0)
    locales (>= 0.0.0)
    mosh (>= 0.0.0)
    nginx (>= 0.0.0)
    ntp (>= 0.0.0)
    ohai (>= 0.0.0)
    onddo-spamassassin (>= 0.0.0)
    opendkim (>= 0.0.0)
    openldap (>= 0.0.0)
    openssh (>= 0.0.0)
    openssl (>= 0.0.0)
    owncloud (>= 0.0.0)
    packages (>= 0.0.0)
    php-fpm (>= 0.0.0)
    plexapp (>= 0.0.0)
    postfix-full (>= 0.0.0)
    postfixadmin (>= 0.0.0)
    prosody (>= 0.0.0)
    rkhunter (>= 0.0.0)
    roundcube (>= 0.0.0)
    rsyslog (>= 0.0.0)
    runit (>= 0.0.0)
    sabnzbd (>= 0.0.0)
    sickbeard (>= 0.0.0)
    ssl_certificate (>= 0.0.0)
    sudo (>= 0.0.0)
    sysctl (>= 0.0.0)
    ubuntu (>= 0.0.0)
    users (>= 0.0.0)
    yum (>= 0.0.0)
    yum-epel (>= 0.0.0)
  partial_search (1.0.9)
  php (1.10.0)
    build-essential (>= 0.0.0)
    iis (>= 0.0.0)
    mysql (>= 6.0.0)
    windows (>= 1.39.1)
    xml (>= 0.0.0)
    yum-epel (>= 0.0.0)
  php-fpm (0.7.6)
    apt (>= 0.0.0)
    yum (>= 3.0)
  plexapp (1.0.0)
  poise (1.0.12)
  postfix (3.8.0)
  postfix-full (0.1.2)
  postfixadmin (2.2.0)
    apache2 (~> 3.0)
    ark (~> 0.9)
    database (~> 4.0)
    encrypted_attributes (~> 0.2)
    mysql (~> 6.0)
    mysql2_chef_gem (~> 1.0)
    nginx (~> 2.7)
    php (~> 1.5)
    php-fpm (>= 0.7.0)
    postgresql (~> 3.4)
    ssl_certificate (~> 1.1)
    yum-epel (~> 0.5)
  postgresql (3.4.24)
    apt (>= 1.9.0)
    build-essential (>= 0.0.0)
    openssl (~> 4.0)
  prosody (0.5.1)
    apt (>= 0.0.0)
    ark (>= 0.0.0)
    build-essential (>= 0.0.0)
    mercurial (>= 0.0.0)
    yum (>= 0.0.0)
  python (1.4.6)
    build-essential (>= 0.0.0)
    yum-epel (>= 0.0.0)
  rbac (1.0.3)
  rkhunter (0.2.5)
    apt (>= 0.0.0)
    postfix (>= 0.0.0)
    yum (>= 0.0.0)
  roundcube (0.2.0)
    apt (>= 0.0.0)
    ark (>= 0.0.0)
    build-essential (>= 0.0.0)
    mysql (~> 6.0)
    nginx (>= 0.0.0)
    openssl (>= 0.0.0)
    php (>= 0.0.0)
    php-fpm (>= 0.0.0)
  rsyslog (2.0.0)
  runit (1.5.18)
    build-essential (>= 0.0.0)
    yum (~> 3.0)
    yum-epel (>= 0.0.0)
  sabnzbd (1.1.1)
    bluepill (>= 0.0.0)
    git (>= 0.0.0)
  selinux (0.9.0)
  sickbeard (1.0.0)
    bluepill (>= 0.0.0)
    git (>= 0.0.0)
  smf (2.2.8)
    rbac (>= 1.0.1)
  solr_app (0.0.3)
    application (>= 0.0.0)
    application_java (>= 1.1.0)
    ark (>= 0.0.0)
    tomcat (>= 0.0.0)
  ssl_certificate (1.5.0)
  sudo (2.7.2)
  sysctl (0.6.2)
    ohai (>= 0.0.0)
  test (0.1.0)
    paramount (>= 0.0.0)
  tomcat (2.3.1)
    compat_resource (>= 12.10)
  ubuntu (1.1.8)
    apt (>= 0.0.0)
  ucspi-tcp (1.3.0)
    build-essential (>= 0.0.0)
    pacman (>= 0.0.0)
  users (2.0.3)
  windows (1.44.1)
    chef_handler (>= 0.0.0)
  xml (2.0.0)
    build-essential (>= 0.0.0)
    chef-sugar (>= 0.0.0)
  yum (3.11.0)
  yum-epel (0.7.0)
    yum (>= 3.6.3)
  yum-mysql-community (0.3.0)
    yum (>= 3.2)
